<Solution>
  <Folder Name="/src/">
    <Project Path="src/Contracts/Contracts.csproj" />
    <Project Path="src/SharedKernel/SharedKernel.csproj" />
  </Folder>
  <Folder Name="/src/BuildingBlocks/">
    <Project Path="src/BuildingBlocks/BuildingBlocks.Application/BuildingBlocks.Application.csproj" />
    <Project Path="src/BuildingBlocks/BuildingBlocks.Infrastructure/BuildingBlocks.Infrastructure.csproj" />
    <Project Path="src/BuildingBlocks/BuildingBlocks.Web/BuildingBlocks.Web.csproj" />
  </Folder>
  <Folder Name="/src/Hosts/">
    <Project Path="src/Hosts/Api/Api.csproj" />
    <Project Path="src/Hosts/Worker/Worker.csproj" />
  </Folder>
  <Folder Name="/src/Modules/" />
  <Folder Name="/src/Modules/Admins/">
    <Project Path="src/Modules/Admins/Admins.Application/Admins.Application.csproj" />
    <Project Path="src/Modules/Admins/Admins.Domain/Admins.Domain.csproj" />
    <Project Path="src/Modules/Admins/Admins.Infrastructure/Admins.Infrastructure.csproj" />
  </Folder>
  <Folder Name="/src/Modules/Carts/">
    <Project Path="src/Modules/Carts/Carts.Application/Carts.Application.csproj" />
    <Project Path="src/Modules/Carts/Carts.Domain/Carts.Domain.csproj" />
    <Project Path="src/Modules/Carts/Carts.Infrastructure/Carts.Infrastructure.csproj" />
  </Folder>
  <Folder Name="/src/Modules/Checkouts/">
    <Project Path="src/Modules/Checkouts/Checkouts.Application/Checkouts.Application.csproj" />
    <Project Path="src/Modules/Checkouts/Checkouts.Domain/Checkouts.Domain.csproj" />
    <Project Path="src/Modules/Checkouts/Checkouts.Infrastructure/Checkouts.Infrastructure.csproj" />
  </Folder>
  <Folder Name="/src/Modules/Iam/">
    <Project Path="src/Modules/Iam/Iam.Application/Iam.Application.csproj" />
    <Project Path="src/Modules/Iam/Iam.Domain/Iam.Domain.csproj" />
    <Project Path="src/Modules/Iam/Iam.Infrastructure/Iam.Infrastructure.csproj" />
  </Folder>
  <Folder Name="/src/Modules/MasterData/">
    <Project Path="src/Modules/MasterData/MasterData.Application/MasterData.Application.csproj" />
    <Project Path="src/Modules/MasterData/MasterData.Domain/MasterData.Domain.csproj" />
    <Project Path="src/Modules/MasterData/MasterData.Infrastructure/MasterData.Infrastructure.csproj" />
  </Folder>
  <Folder Name="/src/Modules/Merchants/">
    <Project Path="src/Modules/Merchants/Merchants.Application/Merchants.Application.csproj" />
    <Project Path="src/Modules/Merchants/Merchants.Domain/Merchants.Domain.csproj" />
    <Project Path="src/Modules/Merchants/Merchants.Infrastructure/Merchants.Infrastructure.csproj" />
  </Folder>
  <Folder Name="/src/Modules/Orders/">
    <Project Path="src/Modules/Orders/Orders.Application/Orders.Application.csproj" />
    <Project Path="src/Modules/Orders/Orders.Domain/Orders.Domain.csproj" />
    <Project Path="src/Modules/Orders/Orders.Infrastructure/Orders.Infrastructure.csproj" />
  </Folder>
  <Folder Name="/src/Modules/Payments/">
    <Project Path="src/Modules/Payments/Payments.Application/Payments.Application.csproj" />
    <Project Path="src/Modules/Payments/Payments.Domain/Payments.Domain.csproj" />
    <Project Path="src/Modules/Payments/Payments.Infrastructure/Payments.Infrastructure.csproj" />
  </Folder>
  <Folder Name="/src/Modules/Products/">
    <Project Path="src/Modules/Products/Products.Application/Products.Application.csproj" />
    <Project Path="src/Modules/Products/Products.Domain/Products.Domain.csproj" />
    <Project Path="src/Modules/Products/Products.Infrastructure/Products.Infrastructure.csproj" />
  </Folder>
  <Folder Name="/tests/">
    <Project Path="tests/Admins.Tests/Admins.Tests.csproj" />
    <Project Path="tests/Architecture.Tests/Architecture.Tests.csproj" />
    <Project Path="tests/BuildingBlocks.Tests/BuildingBlocks.Tests.csproj" />
    <Project Path="tests/Carts.Tests/Carts.Tests.csproj" />
    <Project Path="tests/Checkouts.Tests/Checkouts.Tests.csproj" />
    <Project Path="tests/Hosts.Tests/Hosts.Tests.csproj" />
    <Project Path="tests/Iam.Tests/Iam.Tests.csproj" />
    <Project Path="tests/Integration.Tests/Integration.Tests.csproj" />
    <Project Path="tests/Merchants.Tests/Merchants.Tests.csproj" />
    <Project Path="tests/Orders.Tests/Orders.Tests.csproj" />
    <Project Path="tests/Payments.Tests/Payments.Tests.csproj" />
    <Project Path="tests/Products.Tests/Products.Tests.csproj" />
    <Project Path="tests/SharedKernel.Tests/SharedKernel.Tests.csproj" />
  </Folder>
</Solution>
