<Solution>
  <Folder Name="/src/">
    <Project Path="src/Pol.Domain/Pol.Domain.csproj" />
    <Project Path="src/Pol.Application/Pol.Application.csproj" />
    <Project Path="src/Pol.Infrastructure/Pol.Infrastructure.csproj" />
    <Project Path="src/Pol.Api/Pol.Api.csproj" />
  </Folder>
  <Folder Name="/tests/">
    <Project Path="tests/Pol.UnitTests/Pol.UnitTests.csproj" />
    <Project Path="tests/Pol.ArchitectureTests/Pol.ArchitectureTests.csproj" />
    <Project Path="tests/Pol.IntegrationTests/Pol.IntegrationTests.csproj" />
  </Folder>
</Solution>
